
Microsoft Visual Studio Solution File, Format Version 12.00
# Visual Studio Version 17
VisualStudioVersion = 17.10.35013.160
MinimumVisualStudioVersion = 10.0.40219.1
Project("{9A19103F-16F7-4668-BE54-9A1E7A4F7556}") = "PalaceLovers", "PalaceLovers.csproj", "{68C16DC2-282B-483B-AC13-EF7DA1F37267}"
EndProject
Global
	GlobalSection(SolutionConfigurationPlatforms) = preSolution
		Debug|Any CPU = Debug|Any CPU
		Release|Any CPU = Release|Any CPU
	EndGlobalSection
	GlobalSection(ProjectConfigurationPlatforms) = postSolution
		{68C16DC2-282B-483B-AC13-EF7DA1F37267}.Debug|Any CPU.ActiveCfg = Debug|Any CPU
		{68C16DC2-282B-483B-AC13-EF7DA1F37267}.Debug|Any CPU.Build.0 = Debug|Any CPU
		{68C16DC2-282B-483B-AC13-EF7DA1F37267}.Release|Any CPU.ActiveCfg = Release|Any CPU
		{68C16DC2-282B-483B-AC13-EF7DA1F37267}.Release|Any CPU.Build.0 = Release|Any CPU
	EndGlobalSection
	GlobalSection(SolutionProperties) = preSolution
		HideSolutionNode = FALSE
	EndGlobalSection
	GlobalSection(ExtensibilityGlobals) = postSolution
		SolutionGuid = {82FC24BC-D015-4A8D-8F70-81FA79199E84}
	EndGlobalSection
EndGlobal
